// !$*UTF8*$!
{
	archiveVersion = 1;
	classes = {
	};
	objectVersion = 46;
	objects = {

/* Begin PBXBuildFile section */
		A1893B361AD7D1F000E09721 /* main.cpp in Sources */ = {isa = PBXBuildFile; fileRef = A1893B351AD7D1F000E09721 /* main.cpp */; };
/* End PBXBuildFile section */

/* Begin PBXCopyFilesBuildPhase section */
		A1893B301AD7D1F000E09721 /* CopyFiles */ = {
			isa = PBXCopyFilesBuildPhase;
			buildActionMask = 2147483647;
			dstPath = /usr/share/man/man1/;
			dstSubfolderSpec = 0;
			files = (
			);
			runOnlyForDeploymentPostprocessing = 1;
		};
/* End PBXCopyFilesBuildPhase section */

/* Begin PBXFileReference section */
		A1893B321AD7D1F000E09721 /* CustomPing */ = {isa = PBXFileReference; explicitFileType = "compiled.mach-o.executable"; includeInIndex = 0; path = CustomPing; sourceTree = BUILT_PRODUCTS_DIR; };
		A1893B351AD7D1F000E09721 /* main.cpp */ = {isa = PBXFileReference; lastKnownFileType = sourcecode.cpp.cpp; path = main.cpp; sourceTree = "<group>"; };
/* End PBXFileReference section */

/* Begin PBXFrameworksBuildPhase section */
		A1893B2F1AD7D1F000E09721 /* Frameworks */ = {
			isa = PBXFrameworksBuildPhase;
			buildActionMask = 2147483647;
			files = (
			);
			runOnlyForDeploymentPostprocessing = 0;
		};
/* End PBXFrameworksBuildPhase section */

/* Begin PBXGroup section */
		A1893B291AD7D1F000E09721 = {
			isa = PBXGroup;
			children = (
				A1893B341AD7D1F000E09721 /* CustomPing */,
				A1893B331AD7D1F000E09721 /* Products */,
			);
			sourceTree = "<group>";
		};
		A1893B331AD7D1F000E09721 /* Products */ = {
			isa = PBXGroup;
			children = (
				A1893B321AD7D1F000E09721 /* CustomPing */,
			);
			name = Products;
			sourceTree = "<group>";
		};
		A1893B341AD7D1F000E09721 /* CustomPing */ = {
			isa = PBXGroup;
			children = (
				A1893B351AD7D1F000E09721 /* main.cpp */,
			);
			path = CustomPing;
			sourceTree = "<group>";
		};
/* End PBXGroup section */

/* Begin PBXNativeTarget section */
		A1893B311AD7D1F000E09721 /* CustomPing */ = {
			isa = PBXNativeTarget;
			buildConfigurationList = A1893B391AD7D1F000E09721 /* Build configuration list for PBXNativeTarget "CustomPing" */;
			buildPhases = (
				A1893B2E1AD7D1F000E09721 /* Sources */,
				A1893B2F1AD7D1F000E09721 /* Frameworks */,
				A1893B301AD7D1F000E09721 /* CopyFiles */,
			);
			buildRules = (
			);
			dependencies = (
			);
			name = CustomPing;
			productName = CustomPing;
			productReference = A1893B321AD7D1F000E09721 /* CustomPing */;
			productType = "com.apple.product-type.tool";
		};
/* End PBXNativeTarget section */

/* Begin PBXProject section */
		A1893B2A1AD7D1F000E09721 /* Project object */ = {
			isa = PBXProject;
			attributes = {
				LastUpgradeCheck = 0620;
				ORGANIZATIONNAME = Alexandr;
				TargetAttributes = {
					A1893B311AD7D1F000E09721 = {
						CreatedOnToolsVersion = 6.2;
					};
				};
			};
			buildConfigurationList = A1893B2D1AD7D1F000E09721 /* Build configuration list for PBXProject "CustomPing" */;
			compatibilityVersion = "Xcode 3.2";
			developmentRegion = English;
			hasScannedForEncodings = 0;
			knownRegions = (
				en,
			);
			mainGroup = A1893B291AD7D1F000E09721;
			productRefGroup = A1893B331AD7D1F000E09721 /* Products */;
			projectDirPath = "";
			projectRoot = "";
			targets = (
				A1893B311AD7D1F000E09721 /* CustomPing */,
			);
		};
/* End PBXProject section */

/* Begin PBXSourcesBuildPhase section */
		A1893B2E1AD7D1F000E09721 /* Sources */ = {
			isa = PBXSourcesBuildPhase;
			buildActionMask = 2147483647;
			files = (
				A1893B361AD7D1F000E09721 /* main.cpp in Sources */,
			);
			runOnlyForDeploymentPostprocessing = 0;
		};
/* End PBXSourcesBuildPhase section */

/* Begin XCBuildConfiguration section */
		A1893B371AD7D1F000E09721 /* Debug */ = {
			isa = XCBuildConfiguration;
			buildSettings = {
				ALWAYS_SEARCH_USER_PATHS = NO;
				CLANG_CXX_LANGUAGE_STANDARD = "gnu++0x";
				CLANG_CXX_LIBRARY = "libc++";
				CLANG_ENABLE_MODULES = YES;
				CLANG_ENABLE_OBJC_ARC = YES;
				CLANG_WARN_BOOL_CONVERSION = YES;
				CLANG_WARN_CONSTANT_CONVERSION = YES;
				CLANG_WARN_DIRECT_OBJC_ISA_USAGE = YES_ERROR;
				CLANG_WARN_EMPTY_BODY = YES;
				CLANG_WARN_ENUM_CONVERSION = YES;
				CLANG_WARN_INT_CONVERSION = YES;
				CLANG_WARN_OBJC_ROOT_CLASS = YES_ERROR;
				CLANG_WARN_UNREACHABLE_CODE = YES;
				CLANG_WARN__DUPLICATE_METHOD_MATCH = YES;
				COPY_PHASE_STRIP = NO;
				ENABLE_STRICT_OBJC_MSGSEND = YES;
				GCC_C_LANGUAGE_STANDARD = gnu99;
				GCC_DYNAMIC_NO_PIC = NO;
				GCC_OPTIMIZATION_LEVEL = 0;
				GCC_PREPROCESSOR_DEFINITIONS = (
					"DEBUG=1",
					"$(inherited)",
				);
				GCC_SYMBOLS_PRIVATE_EXTERN = NO;
				GCC_WARN_64_TO_32_BIT_CONVERSION = YES;
				GCC_WARN_ABOUT_RETURN_TYPE = YES_ERROR;
				GCC_WARN_UNDECLARED_SELECTOR = YES;
				GCC_WARN_UNINITIALIZED_AUTOS = YES_AGGRESSIVE;
				GCC_WARN_UNUSED_FUNCTION = YES;
				GCC_WARN_UNUSED_VARIABLE = YES;
				MACOSX_DEPLOYMENT_TARGET = 10.10;
				MTL_ENABLE_DEBUG_INFO = YES;
				ONLY_ACTIVE_ARCH = YES;
				SDKROOT = macosx;
			};
			name = Debug;
		};
		A1893B381AD7D1F000E09721 /* Release */ = {
			isa = XCBuildConfiguration;
			buildSettings = {
				ALWAYS_SEARCH_USER_PATHS = NO;
				CLANG_CXX_LANGUAGE_STANDARD = "gnu++0x";
				CLANG_CXX_LIBRARY = "libc++";
				CLANG_ENABLE_MODULES = YES;
				CLANG_ENABLE_OBJC_ARC = YES;
				CLANG_WARN_BOOL_CONVERSION = YES;
				CLANG_WARN_CONSTANT_CONVERSION = YES;
				CLANG_WARN_DIRECT_OBJC_ISA_USAGE = YES_ERROR;
				CLANG_WARN_EMPTY_BODY = YES;
				CLANG_WARN_ENUM_CONVERSION = YES;
				CLANG_WARN_INT_CONVERSION = YES;
				CLANG_WARN_OBJC_ROOT_CLASS = YES_ERROR;
				CLANG_WARN_UNREACHABLE_CODE = YES;
				CLANG_WARN__DUPLICATE_METHOD_MATCH = YES;
				COPY_PHASE_STRIP = NO;
				DEBUG_INFORMATION_FORMAT = "dwarf-with-dsym";
				ENABLE_NS_ASSERTIONS = NO;
				ENABLE_STRICT_OBJC_MSGSEND = YES;
				GCC_C_LANGUAGE_STANDARD = gnu99;
				GCC_WARN_64_TO_32_BIT_CONVERSION = YES;
				GCC_WARN_ABOUT_RETURN_TYPE = YES_ERROR;
				GCC_WARN_UNDECLARED_SELECTOR = YES;
				GCC_WARN_UNINITIALIZED_AUTOS = YES_AGGRESSIVE;
				GCC_WARN_UNUSED_FUNCTION = YES;
				GCC_WARN_UNUSED_VARIABLE = YES;
				MACOSX_DEPLOYMENT_TARGET = 10.10;
				MTL_ENABLE_DEBUG_INFO = NO;
				SDKROOT = macosx;
			};
			name = Release;
		};
		A1893B3A1AD7D1F000E09721 /* Debug */ = {
			isa = XCBuildConfiguration;
			buildSettings = {
				PRODUCT_NAME = "$(TARGET_NAME)";
			};
			name = Debug;
		};
		A1893B3B1AD7D1F000E09721 /* Release */ = {
			isa = XCBuildConfiguration;
			buildSettings = {
				PRODUCT_NAME = "$(TARGET_NAME)";
			};
			name = Release;
		};
/* End XCBuildConfiguration section */

/* Begin XCConfigurationList section */
		A1893B2D1AD7D1F000E09721 /* Build configuration list for PBXProject "CustomPing" */ = {
			isa = XCConfigurationList;
			buildConfigurations = (
				A1893B371AD7D1F000E09721 /* Debug */,
				A1893B381AD7D1F000E09721 /* Release */,
			);
			defaultConfigurationIsVisible = 0;
			defaultConfigurationName = Release;
		};
		A1893B391AD7D1F000E09721 /* Build configuration list for PBXNativeTarget "CustomPing" */ = {
			isa = XCConfigurationList;
			buildConfigurations = (
				A1893B3A1AD7D1F000E09721 /* Debug */,
				A1893B3B1AD7D1F000E09721 /* Release */,
			);
			defaultConfigurationIsVisible = 0;
		};
/* End XCConfigurationList section */
	};
	rootObject = A1893B2A1AD7D1F000E09721 /* Project object */;
}
